
Microsoft Visual Studio Solution File, Format Version 12.00
# Visual Studio Version 16
VisualStudioVersion = 16.0.29411.108
MinimumVisualStudioVersion = 10.0.40219.1
Project("{FAE04EC0-301F-11D3-BF4B-00C04F79EFBC}") = "SportSections", "КурсовойСпорт\SportSections.csproj", "{59052E11-FD1C-4719-9A59-25EA15D2CA03}"
EndProject
Global
	GlobalSection(SolutionConfigurationPlatforms) = preSolution
		Debug|Any CPU = Debug|Any CPU
		Release|Any CPU = Release|Any CPU
	EndGlobalSection
	GlobalSection(ProjectConfigurationPlatforms) = postSolution
		{59052E11-FD1C-4719-9A59-25EA15D2CA03}.Debug|Any CPU.ActiveCfg = Debug|Any CPU
		{59052E11-FD1C-4719-9A59-25EA15D2CA03}.Debug|Any CPU.Build.0 = Debug|Any CPU
		{59052E11-FD1C-4719-9A59-25EA15D2CA03}.Release|Any CPU.ActiveCfg = Release|Any CPU
		{59052E11-FD1C-4719-9A59-25EA15D2CA03}.Release|Any CPU.Build.0 = Release|Any CPU
	EndGlobalSection
	GlobalSection(SolutionProperties) = preSolution
		HideSolutionNode = FALSE
	EndGlobalSection
	GlobalSection(ExtensibilityGlobals) = postSolution
		SolutionGuid = {6E1A1A0F-8F2B-42EE-83D0-BCD55B1DBEE3}
	EndGlobalSection
EndGlobal
